
Microsoft Visual Studio Solution File, Format Version 12.00
# Visual Studio Version 17
VisualStudioVersion = 17.14.36930.0 d17.14
MinimumVisualStudioVersion = 10.0.40219.1
Project("{FAE04EC0-301F-11D3-BF4B-00C04F79EFBC}") = "PWModule4", "PWModule4\PWModule4.csproj", "{F2100881-450E-4415-A1E9-22868078774D}"
EndProject
Global
	GlobalSection(SolutionConfigurationPlatforms) = preSolution
		Debug|Any CPU = Debug|Any CPU
		Release|Any CPU = Release|Any CPU
	EndGlobalSection
	GlobalSection(ProjectConfigurationPlatforms) = postSolution
		{F2100881-450E-4415-A1E9-22868078774D}.Debug|Any CPU.ActiveCfg = Debug|Any CPU
		{F2100881-450E-4415-A1E9-22868078774D}.Debug|Any CPU.Build.0 = Debug|Any CPU
		{F2100881-450E-4415-A1E9-22868078774D}.Release|Any CPU.ActiveCfg = Release|Any CPU
		{F2100881-450E-4415-A1E9-22868078774D}.Release|Any CPU.Build.0 = Release|Any CPU
	EndGlobalSection
	GlobalSection(SolutionProperties) = preSolution
		HideSolutionNode = FALSE
	EndGlobalSection
	GlobalSection(ExtensibilityGlobals) = postSolution
		SolutionGuid = {464FB47A-3D85-4E4A-B665-097D6B256C50}
	EndGlobalSection
EndGlobal
